<?xml version="1.0" encoding="utf-8"?>
<Project ToolsVersion="4.0" xmlns="http://schemas.microsoft.com/developer/msbuild/2003">
  <ItemGroup>
    <Filter Include="Source Files">
      <UniqueIdentifier>{4FC737F1-C7A5-4376-A066-2A32D752A2FF}</UniqueIdentifier>
      <Extensions>cpp;c;cc;cxx;def;odl;idl;hpj;bat;asm;asmx</Extensions>
    </Filter>
    <Filter Include="Header Files">
      <UniqueIdentifier>{93995380-89BD-4b04-88EB-625FBE52EBFB}</UniqueIdentifier>
      <Extensions>h;hh;hpp;hxx;hm;inl;inc;xsd</Extensions>
    </Filter>
    <Filter Include="Resource Files">
      <UniqueIdentifier>{67DA6AB6-F800-4c08-8B7A-83BB121AAD01}</UniqueIdentifier>
      <Extensions>rc;ico;cur;bmp;dlg;rc2;rct;bin;rgs;gif;jpg;jpeg;jpe;resx;tiff;tif;png;wav;mfcribbon-ms</Extensions>
    </Filter>
    <Filter Include="Main">
      <UniqueIdentifier>{79401cd4-5507-4b43-b922-ff00848be82a}</UniqueIdentifier>
    </Filter>
    <Filter Include="Diablo II">
      <UniqueIdentifier>{1f89aad6-c443-4685-bae2-6fe36a972987}</UniqueIdentifier>
    </Filter>
    <Filter Include="Diablo II\Handlers">
      <UniqueIdentifier>{6fe718b8-afe8-470d-b279-ed5da827dc55}</UniqueIdentifier>
    </Filter>
    <Filter Include="Misc">
      <UniqueIdentifier>{fe1eb4fd-1cf0-40b9-9d16-2a2dbe1e434a}</UniqueIdentifier>
    </Filter>
    <Filter Include="Spidermonkey Engine">
      <UniqueIdentifier>{ed82a46e-6602-4a6b-969f-e632f2ffc48b}</UniqueIdentifier>
    </Filter>
    <Filter Include="Spidermonkey Engine\Core">
      <UniqueIdentifier>{44753437-4b3a-45c3-a3f3-992ec38285c5}</UniqueIdentifier>
    </Filter>
    <Filter Include="Spidermonkey Engine\Core\C">
      <UniqueIdentifier>{1231015d-127d-4531-a87b-7be7460e8676}</UniqueIdentifier>
    </Filter>
  </ItemGroup>
  <ItemGroup>
    <Text Include="ReadMe.txt" />
  </ItemGroup>
  <ItemGroup>
    <ClInclude Include="targetver.h">
      <Filter>Header Files</Filter>
    </ClInclude>
    <ClInclude Include="Main.h">
      <Filter>Main</Filter>
    </ClInclude>
    <ClInclude Include="D2NetHandlers.h">
      <Filter>Diablo II\Handlers</Filter>
    </ClInclude>
    <ClInclude Include="D2Ptrs.h">
      <Filter>Diablo II</Filter>
    </ClInclude>
    <ClInclude Include="Offset.h">
      <Filter>Misc</Filter>
    </ClInclude>
    <ClInclude Include="D2Handlers.h">
      <Filter>Diablo II\Handlers</Filter>
    </ClInclude>
    <ClInclude Include="D2Structs.h">
      <Filter>Diablo II</Filter>
    </ClInclude>
  </ItemGroup>
  <ItemGroup>
    <ClCompile Include="Main.cpp">
      <Filter>Main</Filter>
    </ClCompile>
    <ClCompile Include="D2NetHandlers.cpp">
      <Filter>Diablo II\Handlers</Filter>
    </ClCompile>
    <ClCompile Include="D2Handlers.cpp">
      <Filter>Diablo II\Handlers</Filter>
    </ClCompile>
    <ClCompile Include="Offset.cpp">
      <Filter>Misc</Filter>
    </ClCompile>
  </ItemGroup>
</Project>